
Microsoft Visual Studio Solution File, Format Version 12.00
# Visual Studio Version 18
VisualStudioVersion = 18.7.11822.327 insiders
MinimumVisualStudioVersion = 15.0.26124.0
Project("{FAE04EC0-301F-11D3-BF4B-00C04F79EFBC}") = "WmfVideo.Core", "WmfVideo.Core\WmfVideo.Core.csproj", "{47BD21C1-2170-456C-AF98-6D92C5F73BA9}"
EndProject
Project("{2150E333-8FDC-42A3-9474-1A3956D46DE8}") = "Platforms", "Platforms", "{B4A0E918-51B4-40FF-9845-60F2616B3F27}"
EndProject
Project("{FAE04EC0-301F-11D3-BF4B-00C04F79EFBC}") = "WmfVideo.WindowsDX", "WmfVideo.WindowsDX\WmfVideo.WindowsDX.csproj", "{8381A763-7293-DEA9-8097-81848C256B0B}"
EndProject
Global
	GlobalSection(SolutionConfigurationPlatforms) = preSolution
		Debug|Any CPU = Debug|Any CPU
		Debug|x64 = Debug|x64
		Release|Any CPU = Release|Any CPU
		Release|x64 = Release|x64
	EndGlobalSection
	GlobalSection(ProjectConfigurationPlatforms) = postSolution
		{47BD21C1-2170-456C-AF98-6D92C5F73BA9}.Debug|Any CPU.ActiveCfg = Debug|Any CPU
		{47BD21C1-2170-456C-AF98-6D92C5F73BA9}.Debug|Any CPU.Build.0 = Debug|Any CPU
		{47BD21C1-2170-456C-AF98-6D92C5F73BA9}.Debug|x64.ActiveCfg = Debug|Any CPU
		{47BD21C1-2170-456C-AF98-6D92C5F73BA9}.Debug|x64.Build.0 = Debug|Any CPU
		{47BD21C1-2170-456C-AF98-6D92C5F73BA9}.Release|Any CPU.ActiveCfg = Release|Any CPU
		{47BD21C1-2170-456C-AF98-6D92C5F73BA9}.Release|Any CPU.Build.0 = Release|Any CPU
		{47BD21C1-2170-456C-AF98-6D92C5F73BA9}.Release|x64.ActiveCfg = Release|Any CPU
		{47BD21C1-2170-456C-AF98-6D92C5F73BA9}.Release|x64.Build.0 = Release|Any CPU
		{8381A763-7293-DEA9-8097-81848C256B0B}.Debug|Any CPU.ActiveCfg = Debug|Any CPU
		{8381A763-7293-DEA9-8097-81848C256B0B}.Debug|Any CPU.Build.0 = Debug|Any CPU
		{8381A763-7293-DEA9-8097-81848C256B0B}.Debug|x64.ActiveCfg = Debug|Any CPU
		{8381A763-7293-DEA9-8097-81848C256B0B}.Debug|x64.Build.0 = Debug|Any CPU
		{8381A763-7293-DEA9-8097-81848C256B0B}.Release|Any CPU.ActiveCfg = Release|Any CPU
		{8381A763-7293-DEA9-8097-81848C256B0B}.Release|Any CPU.Build.0 = Release|Any CPU
		{8381A763-7293-DEA9-8097-81848C256B0B}.Release|x64.ActiveCfg = Release|Any CPU
		{8381A763-7293-DEA9-8097-81848C256B0B}.Release|x64.Build.0 = Release|Any CPU
	EndGlobalSection
	GlobalSection(SolutionProperties) = preSolution
		HideSolutionNode = FALSE
	EndGlobalSection
	GlobalSection(NestedProjects) = preSolution
		{8381A763-7293-DEA9-8097-81848C256B0B} = {B4A0E918-51B4-40FF-9845-60F2616B3F27}
	EndGlobalSection
	GlobalSection(ExtensibilityGlobals) = postSolution
		SolutionGuid = {51ECE597-0299-4753-B7F5-4E8EDECD7BB4}
	EndGlobalSection
EndGlobal
